Microsoft Visual Studio Solution File, Format Version 12.00
# Visual Studio 2013
VisualStudioVersion = 12.0.31101.0
MinimumVisualStudioVersion = 10.0.40219.1
Project("{FAE04EC0-301F-11D3-BF4B-00C04F79EFBC}") = "Experiments", "Experiments\Experiments.csproj", "{7529C96C-1909-4A97-92A7-0906A7F5BA98}"
EndProject
Project("{FAE04EC0-301F-11D3-BF4B-00C04F79EFBC}") = "ExperimentsConsole", "ExperimentsConsole\ExperimentsConsole.csproj", "{5F7C44BB-27FD-40B1-A76A-EBE7F88C7E3E}"
EndProject
Project("{FAE04EC0-301F-11D3-BF4B-00C04F79EFBC}") = "Experiments.Tests", "Experiments.Tests\Experiments.Tests.csproj", "{4510F7AA-20EF-4414-B1FB-FFCE86F3A0EA}"
EndProject
Global
	GlobalSection(SolutionConfigurationPlatforms) = preSolution
		Debug|Any CPU = Debug|Any CPU
		Release|Any CPU = Release|Any CPU
	EndGlobalSection
	GlobalSection(ProjectConfigurationPlatforms) = postSolution
		{7529C96C-1909-4A97-92A7-0906A7F5BA98}.Debug|Any CPU.ActiveCfg = Debug|Any CPU
		{7529C96C-1909-4A97-92A7-0906A7F5BA98}.Debug|Any CPU.Build.0 = Debug|Any CPU
		{7529C96C-1909-4A97-92A7-0906A7F5BA98}.Release|Any CPU.ActiveCfg = Release|Any CPU
		{7529C96C-1909-4A97-92A7-0906A7F5BA98}.Release|Any CPU.Build.0 = Release|Any CPU
		{5F7C44BB-27FD-40B1-A76A-EBE7F88C7E3E}.Debug|Any CPU.ActiveCfg = Debug|Any CPU
		{5F7C44BB-27FD-40B1-A76A-EBE7F88C7E3E}.Debug|Any CPU.Build.0 = Debug|Any CPU
		{5F7C44BB-27FD-40B1-A76A-EBE7F88C7E3E}.Release|Any CPU.ActiveCfg = Release|Any CPU
		{5F7C44BB-27FD-40B1-A76A-EBE7F88C7E3E}.Release|Any CPU.Build.0 = Release|Any CPU
		{4510F7AA-20EF-4414-B1FB-FFCE86F3A0EA}.Debug|Any CPU.ActiveCfg = Debug|Any CPU
		{4510F7AA-20EF-4414-B1FB-FFCE86F3A0EA}.Debug|Any CPU.Build.0 = Debug|Any CPU
		{4510F7AA-20EF-4414-B1FB-FFCE86F3A0EA}.Release|Any CPU.ActiveCfg = Release|Any CPU
		{4510F7AA-20EF-4414-B1FB-FFCE86F3A0EA}.Release|Any CPU.Build.0 = Release|Any CPU
	EndGlobalSection
	GlobalSection(SolutionProperties) = preSolution
		HideSolutionNode = FALSE
	EndGlobalSection
EndGlobal
